
Microsoft Visual Studio Solution File, Format Version 12.00
# Visual Studio 15
VisualStudioVersion = 15.0.28307.329
MinimumVisualStudioVersion = 10.0.40219.1
Project("{9A19103F-16F7-4668-BE54-9A1E7A4F7556}") = "HelloConfigurationManager", "HelloConfigurationManager\HelloConfigurationManager.csproj", "{42369F70-AE1D-4E61-ACA0-49C4123DC552}"
EndProject
Project("{9A19103F-16F7-4668-BE54-9A1E7A4F7556}") = "MasterYourConfig.Shared", "MasterYourConfig.Shared\MasterYourConfig.Shared.csproj", "{C4316497-7A4A-4748-8A81-4E9F72D8C76C}"
EndProject
Project("{9A19103F-16F7-4668-BE54-9A1E7A4F7556}") = "HelloLooselyCoupledConfiguration", "HelloLooselyCoupledConfiguration\HelloLooselyCoupledConfiguration.csproj", "{E40C4850-8215-487D-BFBF-B34C8694FBFA}"
EndProject
Project("{FAE04EC0-301F-11D3-BF4B-00C04F79EFBC}") = "HelloCentralizedConfiguration", "HelloCentralizedConfiguration\HelloCentralizedConfiguration.csproj", "{51DAB3AB-4D49-41D3-ACF2-DC520EF343FE}"
EndProject
Global
	GlobalSection(SolutionConfigurationPlatforms) = preSolution
		Debug|Any CPU = Debug|Any CPU
		Release|Any CPU = Release|Any CPU
	EndGlobalSection
	GlobalSection(ProjectConfigurationPlatforms) = postSolution
		{42369F70-AE1D-4E61-ACA0-49C4123DC552}.Debug|Any CPU.ActiveCfg = Debug|Any CPU
		{42369F70-AE1D-4E61-ACA0-49C4123DC552}.Debug|Any CPU.Build.0 = Debug|Any CPU
		{42369F70-AE1D-4E61-ACA0-49C4123DC552}.Release|Any CPU.ActiveCfg = Release|Any CPU
		{42369F70-AE1D-4E61-ACA0-49C4123DC552}.Release|Any CPU.Build.0 = Release|Any CPU
		{C4316497-7A4A-4748-8A81-4E9F72D8C76C}.Debug|Any CPU.ActiveCfg = Debug|Any CPU
		{C4316497-7A4A-4748-8A81-4E9F72D8C76C}.Debug|Any CPU.Build.0 = Debug|Any CPU
		{C4316497-7A4A-4748-8A81-4E9F72D8C76C}.Release|Any CPU.ActiveCfg = Release|Any CPU
		{C4316497-7A4A-4748-8A81-4E9F72D8C76C}.Release|Any CPU.Build.0 = Release|Any CPU
		{E40C4850-8215-487D-BFBF-B34C8694FBFA}.Debug|Any CPU.ActiveCfg = Debug|Any CPU
		{E40C4850-8215-487D-BFBF-B34C8694FBFA}.Debug|Any CPU.Build.0 = Debug|Any CPU
		{E40C4850-8215-487D-BFBF-B34C8694FBFA}.Release|Any CPU.ActiveCfg = Release|Any CPU
		{E40C4850-8215-487D-BFBF-B34C8694FBFA}.Release|Any CPU.Build.0 = Release|Any CPU
		{51DAB3AB-4D49-41D3-ACF2-DC520EF343FE}.Debug|Any CPU.ActiveCfg = Debug|Any CPU
		{51DAB3AB-4D49-41D3-ACF2-DC520EF343FE}.Debug|Any CPU.Build.0 = Debug|Any CPU
		{51DAB3AB-4D49-41D3-ACF2-DC520EF343FE}.Release|Any CPU.ActiveCfg = Release|Any CPU
		{51DAB3AB-4D49-41D3-ACF2-DC520EF343FE}.Release|Any CPU.Build.0 = Release|Any CPU
	EndGlobalSection
	GlobalSection(SolutionProperties) = preSolution
		HideSolutionNode = FALSE
	EndGlobalSection
	GlobalSection(ExtensibilityGlobals) = postSolution
		SolutionGuid = {317B6FB2-5502-4721-9085-A56E487828BD}
	EndGlobalSection
EndGlobal
